
Microsoft Visual Studio Solution File, Format Version 12.00
# Visual Studio Version 16
VisualStudioVersion = 16.0.31410.357
MinimumVisualStudioVersion = 10.0.40219.1
Project("{FAE04EC0-301F-11D3-BF4B-00C04F79EFBC}") = "BAI_1_0_TaoWindowFormBangCode", "BAI_1_0_TaoWindowFormBangCode\BAI_1_0_TaoWindowFormBangCode.csproj", "{2F28557C-857C-4471-A674-DCF3362F67CC}"
EndProject
Project("{FAE04EC0-301F-11D3-BF4B-00C04F79EFBC}") = "BAI_1_1_TongQuanWindowForm", "BAI_1_1_TongQuanWindowForm\BAI_1_1_TongQuanWindowForm.csproj", "{3EF114BA-9257-4D5E-ADA8-496629981494}"
EndProject
Project("{FAE04EC0-301F-11D3-BF4B-00C04F79EFBC}") = "BAI_1_2_CRUD_TAIKHOAN", "BAI_1_2_CRUD_TAIKHOAN\BAI_1_2_CRUD_TAIKHOAN.csproj", "{CA6533EE-B8FA-4026-AF38-B0CC9367A33D}"
EndProject
Project("{FAE04EC0-301F-11D3-BF4B-00C04F79EFBC}") = "BAI_1_3_ADO", "BAI_1_3_ADO\BAI_1_3_ADO.csproj", "{1468CE25-2F7F-42CD-9EBE-5D753D8FB2C5}"
EndProject
Global
	GlobalSection(SolutionConfigurationPlatforms) = preSolution
		Debug|Any CPU = Debug|Any CPU
		Release|Any CPU = Release|Any CPU
	EndGlobalSection
	GlobalSection(ProjectConfigurationPlatforms) = postSolution
		{2F28557C-857C-4471-A674-DCF3362F67CC}.Debug|Any CPU.ActiveCfg = Debug|Any CPU
		{2F28557C-857C-4471-A674-DCF3362F67CC}.Debug|Any CPU.Build.0 = Debug|Any CPU
		{2F28557C-857C-4471-A674-DCF3362F67CC}.Release|Any CPU.ActiveCfg = Release|Any CPU
		{2F28557C-857C-4471-A674-DCF3362F67CC}.Release|Any CPU.Build.0 = Release|Any CPU
		{3EF114BA-9257-4D5E-ADA8-496629981494}.Debug|Any CPU.ActiveCfg = Debug|Any CPU
		{3EF114BA-9257-4D5E-ADA8-496629981494}.Debug|Any CPU.Build.0 = Debug|Any CPU
		{3EF114BA-9257-4D5E-ADA8-496629981494}.Release|Any CPU.ActiveCfg = Release|Any CPU
		{3EF114BA-9257-4D5E-ADA8-496629981494}.Release|Any CPU.Build.0 = Release|Any CPU
		{CA6533EE-B8FA-4026-AF38-B0CC9367A33D}.Debug|Any CPU.ActiveCfg = Debug|Any CPU
		{CA6533EE-B8FA-4026-AF38-B0CC9367A33D}.Debug|Any CPU.Build.0 = Debug|Any CPU
		{CA6533EE-B8FA-4026-AF38-B0CC9367A33D}.Release|Any CPU.ActiveCfg = Release|Any CPU
		{CA6533EE-B8FA-4026-AF38-B0CC9367A33D}.Release|Any CPU.Build.0 = Release|Any CPU
		{1468CE25-2F7F-42CD-9EBE-5D753D8FB2C5}.Debug|Any CPU.ActiveCfg = Debug|Any CPU
		{1468CE25-2F7F-42CD-9EBE-5D753D8FB2C5}.Debug|Any CPU.Build.0 = Debug|Any CPU
		{1468CE25-2F7F-42CD-9EBE-5D753D8FB2C5}.Release|Any CPU.ActiveCfg = Release|Any CPU
		{1468CE25-2F7F-42CD-9EBE-5D753D8FB2C5}.Release|Any CPU.Build.0 = Release|Any CPU
	EndGlobalSection
	GlobalSection(SolutionProperties) = preSolution
		HideSolutionNode = FALSE
	EndGlobalSection
	GlobalSection(ExtensibilityGlobals) = postSolution
		SolutionGuid = {E945D9EF-8EA0-41FD-AF02-E680A48B9EAB}
	EndGlobalSection
EndGlobal
