
Microsoft Visual Studio Solution File, Format Version 12.00
# Visual Studio Version 16
VisualStudioVersion = 16.0.31424.327
MinimumVisualStudioVersion = 10.0.40219.1
Project("{9A19103F-16F7-4668-BE54-9A1E7A4F7556}") = "BAI_1_0_EFCORE_DBFIRST", "BAI_1_0_EFCORE_DBFIRST\BAI_1_0_EFCORE_DBFIRST.csproj", "{5FF4185C-94D1-4C72-81D3-872A08D7B178}"
EndProject
Project("{FAE04EC0-301F-11D3-BF4B-00C04F79EFBC}") = "BAI_1_1_EFCORE_CODEFIRST", "BAI_1_1_EFCORE_CODEFIRST\BAI_1_1_EFCORE_CODEFIRST.csproj", "{44683CC3-89E6-4A05-8A38-F49D4EBDD47A}"
EndProject
Global
	GlobalSection(SolutionConfigurationPlatforms) = preSolution
		Debug|Any CPU = Debug|Any CPU
		Release|Any CPU = Release|Any CPU
	EndGlobalSection
	GlobalSection(ProjectConfigurationPlatforms) = postSolution
		{5FF4185C-94D1-4C72-81D3-872A08D7B178}.Debug|Any CPU.ActiveCfg = Debug|Any CPU
		{5FF4185C-94D1-4C72-81D3-872A08D7B178}.Debug|Any CPU.Build.0 = Debug|Any CPU
		{5FF4185C-94D1-4C72-81D3-872A08D7B178}.Release|Any CPU.ActiveCfg = Release|Any CPU
		{5FF4185C-94D1-4C72-81D3-872A08D7B178}.Release|Any CPU.Build.0 = Release|Any CPU
		{44683CC3-89E6-4A05-8A38-F49D4EBDD47A}.Debug|Any CPU.ActiveCfg = Debug|Any CPU
		{44683CC3-89E6-4A05-8A38-F49D4EBDD47A}.Debug|Any CPU.Build.0 = Debug|Any CPU
		{44683CC3-89E6-4A05-8A38-F49D4EBDD47A}.Release|Any CPU.ActiveCfg = Release|Any CPU
		{44683CC3-89E6-4A05-8A38-F49D4EBDD47A}.Release|Any CPU.Build.0 = Release|Any CPU
	EndGlobalSection
	GlobalSection(SolutionProperties) = preSolution
		HideSolutionNode = FALSE
	EndGlobalSection
	GlobalSection(ExtensibilityGlobals) = postSolution
		SolutionGuid = {4FC256EB-9ECF-4701-8803-E95D3443BB32}
	EndGlobalSection
EndGlobal
